// !$*UTF8*$!
{
	archiveVersion = 1;
	classes = {
	};
	objectVersion = 46;
	objects = {

/* Begin PBXBuildFile section */
		BA10CBE81D503B8E00329443 /* main.m in Sources */ = {isa = PBXBuildFile; fileRef = BA10CBE71D503B8E00329443 /* main.m */; };
		BA10CBEB1D503B8E00329443 /* AppDelegate.m in Sources */ = {isa = PBXBuildFile; fileRef = BA10CBEA1D503B8E00329443 /* AppDelegate.m */; };
		BA10CBEE1D503B8E00329443 /* ViewController.m in Sources */ = {isa = PBXBuildFile; fileRef = BA10CBED1D503B8E00329443 /* ViewController.m */; };
		BA10CBF11D503B8E00329443 /* Main.storyboard in Resources */ = {isa = PBXBuildFile; fileRef = BA10CBEF1D503B8E00329443 /* Main.storyboard */; };
		BA10CBF31D503B8E00329443 /* Assets.xcassets in Resources */ = {isa = PBXBuildFile; fileRef = BA10CBF21D503B8E00329443 /* Assets.xcassets */; };
		BA10CBF61D503B8E00329443 /* LaunchScreen.storyboard in Resources */ = {isa = PBXBuildFile; fileRef = BA10CBF41D503B8E00329443 /* LaunchScreen.storyboard */; };
/* End PBXBuildFile section */

/* Begin PBXFileReference section */
		BA10CBE31D503B8E00329443 /* demo1.app */ = {isa = PBXFileReference; explicitFileType = wrapper.application; includeInIndex = 0; path = demo1.app; sourceTree = BUILT_PRODUCTS_DIR; };
		BA10CBE71D503B8E00329443 /* main.m */ = {isa = PBXFileReference; lastKnownFileType = sourcecode.c.objc; path = main.m; sourceTree = "<group>"; };
		BA10CBE91D503B8E00329443 /* AppDelegate.h */ = {isa = PBXFileReference; lastKnownFileType = sourcecode.c.h; path = AppDelegate.h; sourceTree = "<group>"; };
		BA10CBEA1D503B8E00329443 /* AppDelegate.m */ = {isa = PBXFileReference; lastKnownFileType = sourcecode.c.objc; path = AppDelegate.m; sourceTree = "<group>"; };
		BA10CBEC1D503B8E00329443 /* ViewController.h */ = {isa = PBXFileReference; lastKnownFileType = sourcecode.c.h; path = ViewController.h; sourceTree = "<group>"; };
		BA10CBED1D503B8E00329443 /* ViewController.m */ = {isa = PBXFileReference; lastKnownFileType = sourcecode.c.objc; path = ViewController.m; sourceTree = "<group>"; };
		BA10CBF01D503B8E00329443 /* Base */ = {isa = PBXFileReference; lastKnownFileType = file.storyboard; name = Base; path = Base.lproj/Main.storyboard; sourceTree = "<group>"; };
		BA10CBF21D503B8E00329443 /* Assets.xcassets */ = {isa = PBXFileReference; lastKnownFileType = folder.assetcatalog; path = Assets.xcassets; sourceTree = "<group>"; };
		BA10CBF51D503B8E00329443 /* Base */ = {isa = PBXFileReference; lastKnownFileType = file.storyboard; name = Base; path = Base.lproj/LaunchScreen.storyboard; sourceTree = "<group>"; };
		BA10CBF71D503B8E00329443 /* Info.plist */ = {isa = PBXFileReference; lastKnownFileType = text.plist.xml; path = Info.plist; sourceTree = "<group>"; };
/* End PBXFileReference section */

/* Begin PBXFrameworksBuildPhase section */
		BA10CBE01D503B8E00329443 /* Frameworks */ = {
			isa = PBXFrameworksBuildPhase;
			buildActionMask = 2147483647;
			files = (
			);
			runOnlyForDeploymentPostprocessing = 0;
		};
/* End PBXFrameworksBuildPhase section */

/* Begin PBXGroup section */
		BA10CBDA1D503B8E00329443 = {
			isa = PBXGroup;
			children = (
				BA10CBE51D503B8E00329443 /* demo1 */,
				BA10CBE41D503B8E00329443 /* Products */,
			);
			sourceTree = "<group>";
		};
		BA10CBE41D503B8E00329443 /* Products */ = {
			isa = PBXGroup;
			children = (
				BA10CBE31D503B8E00329443 /* demo1.app */,
			);
			name = Products;
			sourceTree = "<group>";
		};
		BA10CBE51D503B8E00329443 /* demo1 */ = {
			isa = PBXGroup;
			children = (
				BA10CBE91D503B8E00329443 /* AppDelegate.h */,
				BA10CBEA1D503B8E00329443 /* AppDelegate.m */,
				BA10CBEC1D503B8E00329443 /* ViewController.h */,
				BA10CBED1D503B8E00329443 /* ViewController.m */,
				BA10CBEF1D503B8E00329443 /* Main.storyboard */,
				BA10CBF21D503B8E00329443 /* Assets.xcassets */,
				BA10CBF41D503B8E00329443 /* LaunchScreen.storyboard */,
				BA10CBF71D503B8E00329443 /* Info.plist */,
				BA10CBE61D503B8E00329443 /* Supporting Files */,
			);
			path = demo1;
			sourceTree = "<group>";
		};
		BA10CBE61D503B8E00329443 /* Supporting Files */ = {
			isa = PBXGroup;
			children = (
				BA10CBE71D503B8E00329443 /* main.m */,
			);
			name = "Supporting Files";
			sourceTree = "<group>";
		};
/* End PBXGroup section */

/* Begin PBXNativeTarget section */
		BA10CBE21D503B8E00329443 /* demo1 */ = {
			isa = PBXNativeTarget;
			buildConfigurationList = BA10CBFA1D503B8E00329443 /* Build configuration list for PBXNativeTarget "demo1" */;
			buildPhases = (
				BA10CBDF1D503B8E00329443 /* Sources */,
				BA10CBE01D503B8E00329443 /* Frameworks */,
				BA10CBE11D503B8E00329443 /* Resources */,
			);
			buildRules = (
			);
			dependencies = (
			);
			name = demo1;
			productName = demo1;
			productReference = BA10CBE31D503B8E00329443 /* demo1.app */;
			productType = "com.apple.product-type.application";
		};
/* End PBXNativeTarget section */

/* Begin PBXProject section */
		BA10CBDB1D503B8E00329443 /* Project object */ = {
			isa = PBXProject;
			attributes = {
				LastUpgradeCheck = 0720;
				ORGANIZATIONNAME = hejiamu;
				TargetAttributes = {
					BA10CBE21D503B8E00329443 = {
						CreatedOnToolsVersion = 7.2;
						DevelopmentTeam = A82C77CK6Y;
					};
				};
			};
			buildConfigurationList = BA10CBDE1D503B8E00329443 /* Build configuration list for PBXProject "demo1" */;
			compatibilityVersion = "Xcode 3.2";
			developmentRegion = English;
			hasScannedForEncodings = 0;
			knownRegions = (
				en,
				Base,
			);
			mainGroup = BA10CBDA1D503B8E00329443;
			productRefGroup = BA10CBE41D503B8E00329443 /* Products */;
			projectDirPath = "";
			projectRoot = "";
			targets = (
				BA10CBE21D503B8E00329443 /* demo1 */,
			);
		};
/* End PBXProject section */

/* Begin PBXResourcesBuildPhase section */
		BA10CBE11D503B8E00329443 /* Resources */ = {
			isa = PBXResourcesBuildPhase;
			buildActionMask = 2147483647;
			files = (
				BA10CBF61D503B8E00329443 /* LaunchScreen.storyboard in Resources */,
				BA10CBF31D503B8E00329443 /* Assets.xcassets in Resources */,
				BA10CBF11D503B8E00329443 /* Main.storyboard in Resources */,
			);
			runOnlyForDeploymentPostprocessing = 0;
		};
/* End PBXResourcesBuildPhase section */

/* Begin PBXSourcesBuildPhase section */
		BA10CBDF1D503B8E00329443 /* Sources */ = {
			isa = PBXSourcesBuildPhase;
			buildActionMask = 2147483647;
			files = (
				BA10CBEE1D503B8E00329443 /* ViewController.m in Sources */,
				BA10CBEB1D503B8E00329443 /* AppDelegate.m in Sources */,
				BA10CBE81D503B8E00329443 /* main.m in Sources */,
			);
			runOnlyForDeploymentPostprocessing = 0;
		};
/* End PBXSourcesBuildPhase section */

/* Begin PBXVariantGroup section */
		BA10CBEF1D503B8E00329443 /* Main.storyboard */ = {
			isa = PBXVariantGroup;
			children = (
				BA10CBF01D503B8E00329443 /* Base */,
			);
			name = Main.storyboard;
			sourceTree = "<group>";
		};
		BA10CBF41D503B8E00329443 /* LaunchScreen.storyboard */ = {
			isa = PBXVariantGroup;
			children = (
				BA10CBF51D503B8E00329443 /* Base */,
			);
			name = LaunchScreen.storyboard;
			sourceTree = "<group>";
		};
/* End PBXVariantGroup section */

/* Begin XCBuildConfiguration section */
		BA10CBF81D503B8E00329443 /* Debug */ = {
			isa = XCBuildConfiguration;
			buildSettings = {
				ALWAYS_SEARCH_USER_PATHS = NO;
				CLANG_CXX_LANGUAGE_STANDARD = "gnu++0x";
				CLANG_CXX_LIBRARY = "libc++";
				CLANG_ENABLE_MODULES = YES;
				CLANG_ENABLE_OBJC_ARC = YES;
				CLANG_WARN_BOOL_CONVERSION = YES;
				CLANG_WARN_CONSTANT_CONVERSION = YES;
				CLANG_WARN_DIRECT_OBJC_ISA_USAGE = YES_ERROR;
				CLANG_WARN_EMPTY_BODY = YES;
				CLANG_WARN_ENUM_CONVERSION = YES;
				CLANG_WARN_INT_CONVERSION = YES;
				CLANG_WARN_OBJC_ROOT_CLASS = YES_ERROR;
				CLANG_WARN_UNREACHABLE_CODE = YES;
				CLANG_WARN__DUPLICATE_METHOD_MATCH = YES;
				"CODE_SIGN_IDENTITY[sdk=iphoneos*]" = "iPhone Developer";
				COPY_PHASE_STRIP = NO;
				DEBUG_INFORMATION_FORMAT = dwarf;
				ENABLE_STRICT_OBJC_MSGSEND = YES;
				ENABLE_TESTABILITY = YES;
				GCC_C_LANGUAGE_STANDARD = gnu99;
				GCC_DYNAMIC_NO_PIC = NO;
				GCC_NO_COMMON_BLOCKS = YES;
				GCC_OPTIMIZATION_LEVEL = 0;
				GCC_PREPROCESSOR_DEFINITIONS = (
					"DEBUG=1",
					"$(inherited)",
				);
				GCC_WARN_64_TO_32_BIT_CONVERSION = YES;
				GCC_WARN_ABOUT_RETURN_TYPE = YES_ERROR;
				GCC_WARN_UNDECLARED_SELECTOR = YES;
				GCC_WARN_UNINITIALIZED_AUTOS = YES_AGGRESSIVE;
				GCC_WARN_UNUSED_FUNCTION = YES;
				GCC_WARN_UNUSED_VARIABLE = YES;
				IPHONEOS_DEPLOYMENT_TARGET = 9.2;
				MTL_ENABLE_DEBUG_INFO = YES;
				ONLY_ACTIVE_ARCH = YES;
				SDKROOT = iphoneos;
				TARGETED_DEVICE_FAMILY = "1,2";
			};
			name = Debug;
		};
		BA10CBF91D503B8E00329443 /* Release */ = {
			isa = XCBuildConfiguration;
			buildSettings = {
				ALWAYS_SEARCH_USER_PATHS = NO;
				CLANG_CXX_LANGUAGE_STANDARD = "gnu++0x";
				CLANG_CXX_LIBRARY = "libc++";
				CLANG_ENABLE_MODULES = YES;
				CLANG_ENABLE_OBJC_ARC = YES;
				CLANG_WARN_BOOL_CONVERSION = YES;
				CLANG_WARN_CONSTANT_CONVERSION = YES;
				CLANG_WARN_DIRECT_OBJC_ISA_USAGE = YES_ERROR;
				CLANG_WARN_EMPTY_BODY = YES;
				CLANG_WARN_ENUM_CONVERSION = YES;
				CLANG_WARN_INT_CONVERSION = YES;
				CLANG_WARN_OBJC_ROOT_CLASS = YES_ERROR;
				CLANG_WARN_UNREACHABLE_CODE = YES;
				CLANG_WARN__DUPLICATE_METHOD_MATCH = YES;
				"CODE_SIGN_IDENTITY[sdk=iphoneos*]" = "iPhone Developer";
				COPY_PHASE_STRIP = NO;
				DEBUG_INFORMATION_FORMAT = "dwarf-with-dsym";
				ENABLE_NS_ASSERTIONS = NO;
				ENABLE_STRICT_OBJC_MSGSEND = YES;
				GCC_C_LANGUAGE_STANDARD = gnu99;
				GCC_NO_COMMON_BLOCKS = YES;
				GCC_WARN_64_TO_32_BIT_CONVERSION = YES;
				GCC_WARN_ABOUT_RETURN_TYPE = YES_ERROR;
				GCC_WARN_UNDECLARED_SELECTOR = YES;
				GCC_WARN_UNINITIALIZED_AUTOS = YES_AGGRESSIVE;
				GCC_WARN_UNUSED_FUNCTION = YES;
				GCC_WARN_UNUSED_VARIABLE = YES;
				IPHONEOS_DEPLOYMENT_TARGET = 9.2;
				MTL_ENABLE_DEBUG_INFO = NO;
				SDKROOT = iphoneos;
				TARGETED_DEVICE_FAMILY = "1,2";
				VALIDATE_PRODUCT = YES;
			};
			name = Release;
		};
		BA10CBFB1D503B8E00329443 /* Debug */ = {
			isa = XCBuildConfiguration;
			buildSettings = {
				ASSETCATALOG_COMPILER_APPICON_NAME = AppIcon;
				INFOPLIST_FILE = demo1/Info.plist;
				LD_RUNPATH_SEARCH_PATHS = "$(inherited) @executable_path/Frameworks";
				PRODUCT_BUNDLE_IDENTIFIER = com.hejiamu.demo1;
				PRODUCT_NAME = "$(TARGET_NAME)";
			};
			name = Debug;
		};
		BA10CBFC1D503B8E00329443 /* Release */ = {
			isa = XCBuildConfiguration;
			buildSettings = {
				ASSETCATALOG_COMPILER_APPICON_NAME = AppIcon;
				INFOPLIST_FILE = demo1/Info.plist;
				LD_RUNPATH_SEARCH_PATHS = "$(inherited) @executable_path/Frameworks";
				PRODUCT_BUNDLE_IDENTIFIER = com.hejiamu.demo1;
				PRODUCT_NAME = "$(TARGET_NAME)";
			};
			name = Release;
		};
/* End XCBuildConfiguration section */

/* Begin XCConfigurationList section */
		BA10CBDE1D503B8E00329443 /* Build configuration list for PBXProject "demo1" */ = {
			isa = XCConfigurationList;
			buildConfigurations = (
				BA10CBF81D503B8E00329443 /* Debug */,
				BA10CBF91D503B8E00329443 /* Release */,
			);
			defaultConfigurationIsVisible = 0;
			defaultConfigurationName = Release;
		};
		BA10CBFA1D503B8E00329443 /* Build configuration list for PBXNativeTarget "demo1" */ = {
			isa = XCConfigurationList;
			buildConfigurations = (
				BA10CBFB1D503B8E00329443 /* Debug */,
				BA10CBFC1D503B8E00329443 /* Release */,
			);
			defaultConfigurationIsVisible = 0;
		};
/* End XCConfigurationList section */
	};
	rootObject = BA10CBDB1D503B8E00329443 /* Project object */;
}
